
Microsoft Visual Studio Solution File, Format Version 12.00
# Visual Studio Version 16
VisualStudioVersion = 16.0.31205.134
MinimumVisualStudioVersion = 10.0.40219.1
Project("{FAE04EC0-301F-11D3-BF4B-00C04F79EFBC}") = "WebSyncTest", "WebSyncTest\WebSyncTest\WebSyncTest.csproj", "{6945B4BB-4C86-418E-B0F1-91CEC2572172}"
EndProject
Project("{FAE04EC0-301F-11D3-BF4B-00C04F79EFBC}") = "WebSyncTest.Android", "WebSyncTest\WebSyncTest.Android\WebSyncTest.Android.csproj", "{0C7CBF78-5F2E-47E0-94D5-E5BEF9948EEF}"
EndProject
Project("{FAE04EC0-301F-11D3-BF4B-00C04F79EFBC}") = "WebSyncTest.iOS", "WebSyncTest\WebSyncTest.iOS\WebSyncTest.iOS.csproj", "{0B100251-8669-406A-8895-E48489B61D54}"
EndProject
Global
	GlobalSection(SolutionConfigurationPlatforms) = preSolution
		Ad-Hoc|Any CPU = Ad-Hoc|Any CPU
		Ad-Hoc|iPhone = Ad-Hoc|iPhone
		Ad-Hoc|iPhoneSimulator = Ad-Hoc|iPhoneSimulator
		AppStore|Any CPU = AppStore|Any CPU
		AppStore|iPhone = AppStore|iPhone
		AppStore|iPhoneSimulator = AppStore|iPhoneSimulator
		Debug|Any CPU = Debug|Any CPU
		Debug|iPhone = Debug|iPhone
		Debug|iPhoneSimulator = Debug|iPhoneSimulator
		Release|Any CPU = Release|Any CPU
		Release|iPhone = Release|iPhone
		Release|iPhoneSimulator = Release|iPhoneSimulator
	EndGlobalSection
	GlobalSection(ProjectConfigurationPlatforms) = postSolution
		{6945B4BB-4C86-418E-B0F1-91CEC2572172}.Ad-Hoc|Any CPU.ActiveCfg = Debug|Any CPU
		{6945B4BB-4C86-418E-B0F1-91CEC2572172}.Ad-Hoc|Any CPU.Build.0 = Debug|Any CPU
		{6945B4BB-4C86-418E-B0F1-91CEC2572172}.Ad-Hoc|iPhone.ActiveCfg = Debug|Any CPU
		{6945B4BB-4C86-418E-B0F1-91CEC2572172}.Ad-Hoc|iPhone.Build.0 = Debug|Any CPU
		{6945B4BB-4C86-418E-B0F1-91CEC2572172}.Ad-Hoc|iPhoneSimulator.ActiveCfg = Debug|Any CPU
		{6945B4BB-4C86-418E-B0F1-91CEC2572172}.Ad-Hoc|iPhoneSimulator.Build.0 = Debug|Any CPU
		{6945B4BB-4C86-418E-B0F1-91CEC2572172}.AppStore|Any CPU.ActiveCfg = Debug|Any CPU
		{6945B4BB-4C86-418E-B0F1-91CEC2572172}.AppStore|Any CPU.Build.0 = Debug|Any CPU
		{6945B4BB-4C86-418E-B0F1-91CEC2572172}.AppStore|iPhone.ActiveCfg = Debug|Any CPU
		{6945B4BB-4C86-418E-B0F1-91CEC2572172}.AppStore|iPhone.Build.0 = Debug|Any CPU
		{6945B4BB-4C86-418E-B0F1-91CEC2572172}.AppStore|iPhoneSimulator.ActiveCfg = Debug|Any CPU
		{6945B4BB-4C86-418E-B0F1-91CEC2572172}.AppStore|iPhoneSimulator.Build.0 = Debug|Any CPU
		{6945B4BB-4C86-418E-B0F1-91CEC2572172}.Debug|Any CPU.ActiveCfg = Debug|Any CPU
		{6945B4BB-4C86-418E-B0F1-91CEC2572172}.Debug|Any CPU.Build.0 = Debug|Any CPU
		{6945B4BB-4C86-418E-B0F1-91CEC2572172}.Debug|iPhone.ActiveCfg = Debug|Any CPU
		{6945B4BB-4C86-418E-B0F1-91CEC2572172}.Debug|iPhone.Build.0 = Debug|Any CPU
		{6945B4BB-4C86-418E-B0F1-91CEC2572172}.Debug|iPhoneSimulator.ActiveCfg = Debug|Any CPU
		{6945B4BB-4C86-418E-B0F1-91CEC2572172}.Debug|iPhoneSimulator.Build.0 = Debug|Any CPU
		{6945B4BB-4C86-418E-B0F1-91CEC2572172}.Release|Any CPU.ActiveCfg = Release|Any CPU
		{6945B4BB-4C86-418E-B0F1-91CEC2572172}.Release|Any CPU.Build.0 = Release|Any CPU
		{6945B4BB-4C86-418E-B0F1-91CEC2572172}.Release|iPhone.ActiveCfg = Release|Any CPU
		{6945B4BB-4C86-418E-B0F1-91CEC2572172}.Release|iPhone.Build.0 = Release|Any CPU
		{6945B4BB-4C86-418E-B0F1-91CEC2572172}.Release|iPhoneSimulator.ActiveCfg = Release|Any CPU
		{6945B4BB-4C86-418E-B0F1-91CEC2572172}.Release|iPhoneSimulator.Build.0 = Release|Any CPU
		{0C7CBF78-5F2E-47E0-94D5-E5BEF9948EEF}.Ad-Hoc|Any CPU.ActiveCfg = Debug|Any CPU
		{0C7CBF78-5F2E-47E0-94D5-E5BEF9948EEF}.Ad-Hoc|Any CPU.Build.0 = Debug|Any CPU
		{0C7CBF78-5F2E-47E0-94D5-E5BEF9948EEF}.Ad-Hoc|Any CPU.Deploy.0 = Debug|Any CPU
		{0C7CBF78-5F2E-47E0-94D5-E5BEF9948EEF}.Ad-Hoc|iPhone.ActiveCfg = Debug|Any CPU
		{0C7CBF78-5F2E-47E0-94D5-E5BEF9948EEF}.Ad-Hoc|iPhone.Build.0 = Debug|Any CPU
		{0C7CBF78-5F2E-47E0-94D5-E5BEF9948EEF}.Ad-Hoc|iPhone.Deploy.0 = Debug|Any CPU
		{0C7CBF78-5F2E-47E0-94D5-E5BEF9948EEF}.Ad-Hoc|iPhoneSimulator.ActiveCfg = Debug|Any CPU
		{0C7CBF78-5F2E-47E0-94D5-E5BEF9948EEF}.Ad-Hoc|iPhoneSimulator.Build.0 = Debug|Any CPU
		{0C7CBF78-5F2E-47E0-94D5-E5BEF9948EEF}.Ad-Hoc|iPhoneSimulator.Deploy.0 = Debug|Any CPU
		{0C7CBF78-5F2E-47E0-94D5-E5BEF9948EEF}.AppStore|Any CPU.ActiveCfg = Debug|Any CPU
		{0C7CBF78-5F2E-47E0-94D5-E5BEF9948EEF}.AppStore|Any CPU.Build.0 = Debug|Any CPU
		{0C7CBF78-5F2E-47E0-94D5-E5BEF9948EEF}.AppStore|Any CPU.Deploy.0 = Debug|Any CPU
		{0C7CBF78-5F2E-47E0-94D5-E5BEF9948EEF}.AppStore|iPhone.ActiveCfg = Debug|Any CPU
		{0C7CBF78-5F2E-47E0-94D5-E5BEF9948EEF}.AppStore|iPhone.Build.0 = Debug|Any CPU
		{0C7CBF78-5F2E-47E0-94D5-E5BEF9948EEF}.AppStore|iPhone.Deploy.0 = Debug|Any CPU
		{0C7CBF78-5F2E-47E0-94D5-E5BEF9948EEF}.AppStore|iPhoneSimulator.ActiveCfg = Debug|Any CPU
		{0C7CBF78-5F2E-47E0-94D5-E5BEF9948EEF}.AppStore|iPhoneSimulator.Build.0 = Debug|Any CPU
		{0C7CBF78-5F2E-47E0-94D5-E5BEF9948EEF}.AppStore|iPhoneSimulator.Deploy.0 = Debug|Any CPU
		{0C7CBF78-5F2E-47E0-94D5-E5BEF9948EEF}.Debug|Any CPU.ActiveCfg = Debug|Any CPU
		{0C7CBF78-5F2E-47E0-94D5-E5BEF9948EEF}.Debug|Any CPU.Build.0 = Debug|Any CPU
		{0C7CBF78-5F2E-47E0-94D5-E5BEF9948EEF}.Debug|Any CPU.Deploy.0 = Debug|Any CPU
		{0C7CBF78-5F2E-47E0-94D5-E5BEF9948EEF}.Debug|iPhone.ActiveCfg = Debug|Any CPU
		{0C7CBF78-5F2E-47E0-94D5-E5BEF9948EEF}.Debug|iPhone.Build.0 = Debug|Any CPU
		{0C7CBF78-5F2E-47E0-94D5-E5BEF9948EEF}.Debug|iPhone.Deploy.0 = Debug|Any CPU
		{0C7CBF78-5F2E-47E0-94D5-E5BEF9948EEF}.Debug|iPhoneSimulator.ActiveCfg = Debug|Any CPU
		{0C7CBF78-5F2E-47E0-94D5-E5BEF9948EEF}.Debug|iPhoneSimulator.Build.0 = Debug|Any CPU
		{0C7CBF78-5F2E-47E0-94D5-E5BEF9948EEF}.Debug|iPhoneSimulator.Deploy.0 = Debug|Any CPU
		{0C7CBF78-5F2E-47E0-94D5-E5BEF9948EEF}.Release|Any CPU.ActiveCfg = Release|Any CPU
		{0C7CBF78-5F2E-47E0-94D5-E5BEF9948EEF}.Release|Any CPU.Build.0 = Release|Any CPU
		{0C7CBF78-5F2E-47E0-94D5-E5BEF9948EEF}.Release|Any CPU.Deploy.0 = Release|Any CPU
		{0C7CBF78-5F2E-47E0-94D5-E5BEF9948EEF}.Release|iPhone.ActiveCfg = Release|Any CPU
		{0C7CBF78-5F2E-47E0-94D5-E5BEF9948EEF}.Release|iPhone.Build.0 = Release|Any CPU
		{0C7CBF78-5F2E-47E0-94D5-E5BEF9948EEF}.Release|iPhone.Deploy.0 = Release|Any CPU
		{0C7CBF78-5F2E-47E0-94D5-E5BEF9948EEF}.Release|iPhoneSimulator.ActiveCfg = Release|Any CPU
		{0C7CBF78-5F2E-47E0-94D5-E5BEF9948EEF}.Release|iPhoneSimulator.Build.0 = Release|Any CPU
		{0C7CBF78-5F2E-47E0-94D5-E5BEF9948EEF}.Release|iPhoneSimulator.Deploy.0 = Release|Any CPU
		{0B100251-8669-406A-8895-E48489B61D54}.Ad-Hoc|Any CPU.ActiveCfg = Ad-Hoc|iPhoneSimulator
		{0B100251-8669-406A-8895-E48489B61D54}.Ad-Hoc|iPhone.ActiveCfg = Ad-Hoc|iPhone
		{0B100251-8669-406A-8895-E48489B61D54}.Ad-Hoc|iPhone.Build.0 = Ad-Hoc|iPhone
		{0B100251-8669-406A-8895-E48489B61D54}.Ad-Hoc|iPhoneSimulator.ActiveCfg = Ad-Hoc|iPhoneSimulator
		{0B100251-8669-406A-8895-E48489B61D54}.Ad-Hoc|iPhoneSimulator.Build.0 = Ad-Hoc|iPhoneSimulator
		{0B100251-8669-406A-8895-E48489B61D54}.AppStore|Any CPU.ActiveCfg = AppStore|iPhoneSimulator
		{0B100251-8669-406A-8895-E48489B61D54}.AppStore|iPhone.ActiveCfg = AppStore|iPhone
		{0B100251-8669-406A-8895-E48489B61D54}.AppStore|iPhone.Build.0 = AppStore|iPhone
		{0B100251-8669-406A-8895-E48489B61D54}.AppStore|iPhoneSimulator.ActiveCfg = AppStore|iPhoneSimulator
		{0B100251-8669-406A-8895-E48489B61D54}.AppStore|iPhoneSimulator.Build.0 = AppStore|iPhoneSimulator
		{0B100251-8669-406A-8895-E48489B61D54}.Debug|Any CPU.ActiveCfg = Debug|iPhoneSimulator
		{0B100251-8669-406A-8895-E48489B61D54}.Debug|iPhone.ActiveCfg = Debug|iPhone
		{0B100251-8669-406A-8895-E48489B61D54}.Debug|iPhone.Build.0 = Debug|iPhone
		{0B100251-8669-406A-8895-E48489B61D54}.Debug|iPhoneSimulator.ActiveCfg = Debug|iPhoneSimulator
		{0B100251-8669-406A-8895-E48489B61D54}.Debug|iPhoneSimulator.Build.0 = Debug|iPhoneSimulator
		{0B100251-8669-406A-8895-E48489B61D54}.Release|Any CPU.ActiveCfg = Release|iPhoneSimulator
		{0B100251-8669-406A-8895-E48489B61D54}.Release|iPhone.ActiveCfg = Release|iPhone
		{0B100251-8669-406A-8895-E48489B61D54}.Release|iPhone.Build.0 = Release|iPhone
		{0B100251-8669-406A-8895-E48489B61D54}.Release|iPhoneSimulator.ActiveCfg = Release|iPhoneSimulator
		{0B100251-8669-406A-8895-E48489B61D54}.Release|iPhoneSimulator.Build.0 = Release|iPhoneSimulator
	EndGlobalSection
	GlobalSection(SolutionProperties) = preSolution
		HideSolutionNode = FALSE
	EndGlobalSection
	GlobalSection(ExtensibilityGlobals) = postSolution
		SolutionGuid = {0BE16B62-3602-4B97-9F47-AC0103C5E31B}
	EndGlobalSection
EndGlobal
